
Microsoft Visual Studio Solution File, Format Version 12.00
# Visual Studio Version 17
VisualStudioVersion = 17.8.34525.116
MinimumVisualStudioVersion = 10.0.40219.1
Project("{2150E333-8FDC-42A3-9474-1A3956D46DE8}") = "Src", "Src", "{80BACACD-5B11-4285-87FB-17AF8B10A544}"
EndProject
Project("{2150E333-8FDC-42A3-9474-1A3956D46DE8}") = "Core", "Core", "{B4DA249C-E5CB-4138-8DE7-B37C41E3D1E6}"
EndProject
Project("{2150E333-8FDC-42A3-9474-1A3956D46DE8}") = "Infrastructure", "Infrastructure", "{2D24FF32-B8CF-4DC0-9B4E-92118EEF15A2}"
EndProject
Project("{9A19103F-16F7-4668-BE54-9A1E7A4F7556}") = "Domain", "Domain\Domain.csproj", "{E952CEED-CDA0-4C3D-8C27-56387C56E23C}"
EndProject
Project("{9A19103F-16F7-4668-BE54-9A1E7A4F7556}") = "Services", "Services\Services.csproj", "{60B4E4D5-65F3-4348-94AE-818443D78B6E}"
EndProject
Project("{9A19103F-16F7-4668-BE54-9A1E7A4F7556}") = "Service.Abstractions", "Service.Abstractions\Service.Abstractions.csproj", "{D7489A6D-D12B-4721-A1E3-DF59F3716031}"
EndProject
Project("{9A19103F-16F7-4668-BE54-9A1E7A4F7556}") = "Persistence", "Persistence\Persistence.csproj", "{BDEA3FD1-B233-41B0-BB25-42644782C7AB}"
EndProject
Project("{9A19103F-16F7-4668-BE54-9A1E7A4F7556}") = "Clothe.Web", "Clothe.Web\Clothe.Web.csproj", "{2FE2BBAB-9A95-411B-96C1-87E87225BDA0}"
EndProject
Project("{9A19103F-16F7-4668-BE54-9A1E7A4F7556}") = "Shared", "Shared\Shared.csproj", "{8F0399EE-83C5-4418-91FC-8FABC53318ED}"
EndProject
Global
	GlobalSection(SolutionConfigurationPlatforms) = preSolution
		Debug|Any CPU = Debug|Any CPU
		Release|Any CPU = Release|Any CPU
	EndGlobalSection
	GlobalSection(ProjectConfigurationPlatforms) = postSolution
		{E952CEED-CDA0-4C3D-8C27-56387C56E23C}.Debug|Any CPU.ActiveCfg = Debug|Any CPU
		{E952CEED-CDA0-4C3D-8C27-56387C56E23C}.Debug|Any CPU.Build.0 = Debug|Any CPU
		{E952CEED-CDA0-4C3D-8C27-56387C56E23C}.Release|Any CPU.ActiveCfg = Release|Any CPU
		{E952CEED-CDA0-4C3D-8C27-56387C56E23C}.Release|Any CPU.Build.0 = Release|Any CPU
		{60B4E4D5-65F3-4348-94AE-818443D78B6E}.Debug|Any CPU.ActiveCfg = Debug|Any CPU
		{60B4E4D5-65F3-4348-94AE-818443D78B6E}.Debug|Any CPU.Build.0 = Debug|Any CPU
		{60B4E4D5-65F3-4348-94AE-818443D78B6E}.Release|Any CPU.ActiveCfg = Release|Any CPU
		{60B4E4D5-65F3-4348-94AE-818443D78B6E}.Release|Any CPU.Build.0 = Release|Any CPU
		{D7489A6D-D12B-4721-A1E3-DF59F3716031}.Debug|Any CPU.ActiveCfg = Debug|Any CPU
		{D7489A6D-D12B-4721-A1E3-DF59F3716031}.Debug|Any CPU.Build.0 = Debug|Any CPU
		{D7489A6D-D12B-4721-A1E3-DF59F3716031}.Release|Any CPU.ActiveCfg = Release|Any CPU
		{D7489A6D-D12B-4721-A1E3-DF59F3716031}.Release|Any CPU.Build.0 = Release|Any CPU
		{BDEA3FD1-B233-41B0-BB25-42644782C7AB}.Debug|Any CPU.ActiveCfg = Debug|Any CPU
		{BDEA3FD1-B233-41B0-BB25-42644782C7AB}.Debug|Any CPU.Build.0 = Debug|Any CPU
		{BDEA3FD1-B233-41B0-BB25-42644782C7AB}.Release|Any CPU.ActiveCfg = Release|Any CPU
		{BDEA3FD1-B233-41B0-BB25-42644782C7AB}.Release|Any CPU.Build.0 = Release|Any CPU
		{2FE2BBAB-9A95-411B-96C1-87E87225BDA0}.Debug|Any CPU.ActiveCfg = Debug|Any CPU
		{2FE2BBAB-9A95-411B-96C1-87E87225BDA0}.Debug|Any CPU.Build.0 = Debug|Any CPU
		{2FE2BBAB-9A95-411B-96C1-87E87225BDA0}.Release|Any CPU.ActiveCfg = Release|Any CPU
		{2FE2BBAB-9A95-411B-96C1-87E87225BDA0}.Release|Any CPU.Build.0 = Release|Any CPU
		{8F0399EE-83C5-4418-91FC-8FABC53318ED}.Debug|Any CPU.ActiveCfg = Debug|Any CPU
		{8F0399EE-83C5-4418-91FC-8FABC53318ED}.Debug|Any CPU.Build.0 = Debug|Any CPU
		{8F0399EE-83C5-4418-91FC-8FABC53318ED}.Release|Any CPU.ActiveCfg = Release|Any CPU
		{8F0399EE-83C5-4418-91FC-8FABC53318ED}.Release|Any CPU.Build.0 = Release|Any CPU
	EndGlobalSection
	GlobalSection(SolutionProperties) = preSolution
		HideSolutionNode = FALSE
	EndGlobalSection
	GlobalSection(NestedProjects) = preSolution
		{B4DA249C-E5CB-4138-8DE7-B37C41E3D1E6} = {80BACACD-5B11-4285-87FB-17AF8B10A544}
		{2D24FF32-B8CF-4DC0-9B4E-92118EEF15A2} = {80BACACD-5B11-4285-87FB-17AF8B10A544}
		{E952CEED-CDA0-4C3D-8C27-56387C56E23C} = {B4DA249C-E5CB-4138-8DE7-B37C41E3D1E6}
		{60B4E4D5-65F3-4348-94AE-818443D78B6E} = {B4DA249C-E5CB-4138-8DE7-B37C41E3D1E6}
		{D7489A6D-D12B-4721-A1E3-DF59F3716031} = {B4DA249C-E5CB-4138-8DE7-B37C41E3D1E6}
		{BDEA3FD1-B233-41B0-BB25-42644782C7AB} = {2D24FF32-B8CF-4DC0-9B4E-92118EEF15A2}
		{2FE2BBAB-9A95-411B-96C1-87E87225BDA0} = {80BACACD-5B11-4285-87FB-17AF8B10A544}
		{8F0399EE-83C5-4418-91FC-8FABC53318ED} = {80BACACD-5B11-4285-87FB-17AF8B10A544}
	EndGlobalSection
	GlobalSection(ExtensibilityGlobals) = postSolution
		SolutionGuid = {87F3B1AA-9B06-4583-8F58-5140C0C3AA62}
	EndGlobalSection
EndGlobal
